// !$*UTF8*$!
{
	archiveVersion = 1;
	classes = {
	};
	objectVersion = 55;
	objects = {

/* Begin PBXBuildFile section */
		224E323828041B1A005F1AE8 /* User.swift in Sources */ = {isa = PBXBuildFile; fileRef = 224E323728041B1A005F1AE8 /* User.swift */; };
		224E323A2804293F005F1AE8 /* InfoViewController.swift in Sources */ = {isa = PBXBuildFile; fileRef = 224E32392804293F005F1AE8 /* InfoViewController.swift */; };
		224E323C280429B5005F1AE8 /* ImageViewController.swift in Sources */ = {isa = PBXBuildFile; fileRef = 224E323B280429B5005F1AE8 /* ImageViewController.swift */; };
		2291516927FC278F00F537DA /* WelcomeViewController.swift in Sources */ = {isa = PBXBuildFile; fileRef = 2291516827FC278F00F537DA /* WelcomeViewController.swift */; };
		22D13D7827F9D271001E36CF /* AppDelegate.swift in Sources */ = {isa = PBXBuildFile; fileRef = 22D13D7727F9D271001E36CF /* AppDelegate.swift */; };
		22D13D7A27F9D271001E36CF /* SceneDelegate.swift in Sources */ = {isa = PBXBuildFile; fileRef = 22D13D7927F9D271001E36CF /* SceneDelegate.swift */; };
		22D13D7C27F9D271001E36CF /* LoginViewController.swift in Sources */ = {isa = PBXBuildFile; fileRef = 22D13D7B27F9D271001E36CF /* LoginViewController.swift */; };
		22D13D7F27F9D271001E36CF /* Main.storyboard in Resources */ = {isa = PBXBuildFile; fileRef = 22D13D7D27F9D271001E36CF /* Main.storyboard */; };
		22D13D8127F9D273001E36CF /* Assets.xcassets in Resources */ = {isa = PBXBuildFile; fileRef = 22D13D8027F9D273001E36CF /* Assets.xcassets */; };
		22D13D8427F9D273001E36CF /* LaunchScreen.storyboard in Resources */ = {isa = PBXBuildFile; fileRef = 22D13D8227F9D273001E36CF /* LaunchScreen.storyboard */; };
/* End PBXBuildFile section */

/* Begin PBXFileReference section */
		224E323728041B1A005F1AE8 /* User.swift */ = {isa = PBXFileReference; lastKnownFileType = sourcecode.swift; path = User.swift; sourceTree = "<group>"; };
		224E32392804293F005F1AE8 /* InfoViewController.swift */ = {isa = PBXFileReference; lastKnownFileType = sourcecode.swift; path = InfoViewController.swift; sourceTree = "<group>"; };
		224E323B280429B5005F1AE8 /* ImageViewController.swift */ = {isa = PBXFileReference; lastKnownFileType = sourcecode.swift; path = ImageViewController.swift; sourceTree = "<group>"; };
		2291516827FC278F00F537DA /* WelcomeViewController.swift */ = {isa = PBXFileReference; lastKnownFileType = sourcecode.swift; path = WelcomeViewController.swift; sourceTree = "<group>"; };
		22D13D7427F9D271001E36CF /* HW2.4.2.app */ = {isa = PBXFileReference; explicitFileType = wrapper.application; includeInIndex = 0; path = HW2.4.2.app; sourceTree = BUILT_PRODUCTS_DIR; };
		22D13D7727F9D271001E36CF /* AppDelegate.swift */ = {isa = PBXFileReference; lastKnownFileType = sourcecode.swift; path = AppDelegate.swift; sourceTree = "<group>"; };
		22D13D7927F9D271001E36CF /* SceneDelegate.swift */ = {isa = PBXFileReference; lastKnownFileType = sourcecode.swift; path = SceneDelegate.swift; sourceTree = "<group>"; };
		22D13D7B27F9D271001E36CF /* LoginViewController.swift */ = {isa = PBXFileReference; lastKnownFileType = sourcecode.swift; path = LoginViewController.swift; sourceTree = "<group>"; };
		22D13D7E27F9D271001E36CF /* Base */ = {isa = PBXFileReference; lastKnownFileType = file.storyboard; name = Base; path = Base.lproj/Main.storyboard; sourceTree = "<group>"; };
		22D13D8027F9D273001E36CF /* Assets.xcassets */ = {isa = PBXFileReference; lastKnownFileType = folder.assetcatalog; path = Assets.xcassets; sourceTree = "<group>"; };
		22D13D8327F9D273001E36CF /* Base */ = {isa = PBXFileReference; lastKnownFileType = file.storyboard; name = Base; path = Base.lproj/LaunchScreen.storyboard; sourceTree = "<group>"; };
		22D13D8527F9D273001E36CF /* Info.plist */ = {isa = PBXFileReference; lastKnownFileType = text.plist.xml; path = Info.plist; sourceTree = "<group>"; };
/* End PBXFileReference section */

/* Begin PBXFrameworksBuildPhase section */
		22D13D7127F9D271001E36CF /* Frameworks */ = {
			isa = PBXFrameworksBuildPhase;
			buildActionMask = 2147483647;
			files = (
			);
			runOnlyForDeploymentPostprocessing = 0;
		};
/* End PBXFrameworksBuildPhase section */

/* Begin PBXGroup section */
		224E323228041543005F1AE8 /* Support */ = {
			isa = PBXGroup;
			children = (
				22D13D8527F9D273001E36CF /* Info.plist */,
				22D13D7927F9D271001E36CF /* SceneDelegate.swift */,
				22D13D7727F9D271001E36CF /* AppDelegate.swift */,
			);
			path = Support;
			sourceTree = "<group>";
		};
		224E323328041560005F1AE8 /* Assets */ = {
			isa = PBXGroup;
			children = (
				22D13D8027F9D273001E36CF /* Assets.xcassets */,
			);
			path = Assets;
			sourceTree = "<group>";
		};
		224E32342804156D005F1AE8 /* Controllers */ = {
			isa = PBXGroup;
			children = (
				2291516827FC278F00F537DA /* WelcomeViewController.swift */,
				22D13D7B27F9D271001E36CF /* LoginViewController.swift */,
				224E32392804293F005F1AE8 /* InfoViewController.swift */,
				224E323B280429B5005F1AE8 /* ImageViewController.swift */,
			);
			path = Controllers;
			sourceTree = "<group>";
		};
		224E32352804157C005F1AE8 /* Views */ = {
			isa = PBXGroup;
			children = (
				22D13D8227F9D273001E36CF /* LaunchScreen.storyboard */,
				22D13D7D27F9D271001E36CF /* Main.storyboard */,
			);
			path = Views;
			sourceTree = "<group>";
		};
		224E323628041586005F1AE8 /* Models */ = {
			isa = PBXGroup;
			children = (
				224E323728041B1A005F1AE8 /* User.swift */,
			);
			path = Models;
			sourceTree = "<group>";
		};
		22D13D6B27F9D271001E36CF = {
			isa = PBXGroup;
			children = (
				22D13D7627F9D271001E36CF /* HW2.4.2 */,
				22D13D7527F9D271001E36CF /* Products */,
			);
			sourceTree = "<group>";
		};
		22D13D7527F9D271001E36CF /* Products */ = {
			isa = PBXGroup;
			children = (
				22D13D7427F9D271001E36CF /* HW2.4.2.app */,
			);
			name = Products;
			sourceTree = "<group>";
		};
		22D13D7627F9D271001E36CF /* HW2.4.2 */ = {
			isa = PBXGroup;
			children = (
				224E323628041586005F1AE8 /* Models */,
				224E32352804157C005F1AE8 /* Views */,
				224E32342804156D005F1AE8 /* Controllers */,
				224E323328041560005F1AE8 /* Assets */,
				224E323228041543005F1AE8 /* Support */,
			);
			path = HW2.4.2;
			sourceTree = "<group>";
		};
/* End PBXGroup section */

/* Begin PBXNativeTarget section */
		22D13D7327F9D271001E36CF /* HW2.4.2 */ = {
			isa = PBXNativeTarget;
			buildConfigurationList = 22D13D8827F9D273001E36CF /* Build configuration list for PBXNativeTarget "HW2.4.2" */;
			buildPhases = (
				22D13D7027F9D271001E36CF /* Sources */,
				22D13D7127F9D271001E36CF /* Frameworks */,
				22D13D7227F9D271001E36CF /* Resources */,
			);
			buildRules = (
			);
			dependencies = (
			);
			name = HW2.4.2;
			productName = HW2.3.1;
			productReference = 22D13D7427F9D271001E36CF /* HW2.4.2.app */;
			productType = "com.apple.product-type.application";
		};
/* End PBXNativeTarget section */

/* Begin PBXProject section */
		22D13D6C27F9D271001E36CF /* Project object */ = {
			isa = PBXProject;
			attributes = {
				BuildIndependentTargetsInParallel = 1;
				LastSwiftUpdateCheck = 1330;
				LastUpgradeCheck = 1330;
				TargetAttributes = {
					22D13D7327F9D271001E36CF = {
						CreatedOnToolsVersion = 13.3;
					};
				};
			};
			buildConfigurationList = 22D13D6F27F9D271001E36CF /* Build configuration list for PBXProject "HW2.4.2" */;
			compatibilityVersion = "Xcode 13.0";
			developmentRegion = en;
			hasScannedForEncodings = 0;
			knownRegions = (
				en,
				Base,
			);
			mainGroup = 22D13D6B27F9D271001E36CF;
			productRefGroup = 22D13D7527F9D271001E36CF /* Products */;
			projectDirPath = "";
			projectRoot = "";
			targets = (
				22D13D7327F9D271001E36CF /* HW2.4.2 */,
			);
		};
/* End PBXProject section */

/* Begin PBXResourcesBuildPhase section */
		22D13D7227F9D271001E36CF /* Resources */ = {
			isa = PBXResourcesBuildPhase;
			buildActionMask = 2147483647;
			files = (
				22D13D8427F9D273001E36CF /* LaunchScreen.storyboard in Resources */,
				22D13D8127F9D273001E36CF /* Assets.xcassets in Resources */,
				22D13D7F27F9D271001E36CF /* Main.storyboard in Resources */,
			);
			runOnlyForDeploymentPostprocessing = 0;
		};
/* End PBXResourcesBuildPhase section */

/* Begin PBXSourcesBuildPhase section */
		22D13D7027F9D271001E36CF /* Sources */ = {
			isa = PBXSourcesBuildPhase;
			buildActionMask = 2147483647;
			files = (
				22D13D7C27F9D271001E36CF /* LoginViewController.swift in Sources */,
				2291516927FC278F00F537DA /* WelcomeViewController.swift in Sources */,
				22D13D7827F9D271001E36CF /* AppDelegate.swift in Sources */,
				224E323C280429B5005F1AE8 /* ImageViewController.swift in Sources */,
				224E323828041B1A005F1AE8 /* User.swift in Sources */,
				224E323A2804293F005F1AE8 /* InfoViewController.swift in Sources */,
				22D13D7A27F9D271001E36CF /* SceneDelegate.swift in Sources */,
			);
			runOnlyForDeploymentPostprocessing = 0;
		};
/* End PBXSourcesBuildPhase section */

/* Begin PBXVariantGroup section */
		22D13D7D27F9D271001E36CF /* Main.storyboard */ = {
			isa = PBXVariantGroup;
			children = (
				22D13D7E27F9D271001E36CF /* Base */,
			);
			name = Main.storyboard;
			sourceTree = "<group>";
		};
		22D13D8227F9D273001E36CF /* LaunchScreen.storyboard */ = {
			isa = PBXVariantGroup;
			children = (
				22D13D8327F9D273001E36CF /* Base */,
			);
			name = LaunchScreen.storyboard;
			sourceTree = "<group>";
		};
/* End PBXVariantGroup section */

/* Begin XCBuildConfiguration section */
		22D13D8627F9D273001E36CF /* Debug */ = {
			isa = XCBuildConfiguration;
			buildSettings = {
				ALWAYS_SEARCH_USER_PATHS = NO;
				CLANG_ANALYZER_NONNULL = YES;
				CLANG_ANALYZER_NUMBER_OBJECT_CONVERSION = YES_AGGRESSIVE;
				CLANG_CXX_LANGUAGE_STANDARD = "gnu++17";
				CLANG_ENABLE_MODULES = YES;
				CLANG_ENABLE_OBJC_ARC = YES;
				CLANG_ENABLE_OBJC_WEAK = YES;
				CLANG_WARN_BLOCK_CAPTURE_AUTORELEASING = YES;
				CLANG_WARN_BOOL_CONVERSION = YES;
				CLANG_WARN_COMMA = YES;
				CLANG_WARN_CONSTANT_CONVERSION = YES;
				CLANG_WARN_DEPRECATED_OBJC_IMPLEMENTATIONS = YES;
				CLANG_WARN_DIRECT_OBJC_ISA_USAGE = YES_ERROR;
				CLANG_WARN_DOCUMENTATION_COMMENTS = YES;
				CLANG_WARN_EMPTY_BODY = YES;
				CLANG_WARN_ENUM_CONVERSION = YES;
				CLANG_WARN_INFINITE_RECURSION = YES;
				CLANG_WARN_INT_CONVERSION = YES;
				CLANG_WARN_NON_LITERAL_NULL_CONVERSION = YES;
				CLANG_WARN_OBJC_IMPLICIT_RETAIN_SELF = YES;
				CLANG_WARN_OBJC_LITERAL_CONVERSION = YES;
				CLANG_WARN_OBJC_ROOT_CLASS = YES_ERROR;
				CLANG_WARN_QUOTED_INCLUDE_IN_FRAMEWORK_HEADER = YES;
				CLANG_WARN_RANGE_LOOP_ANALYSIS = YES;
				CLANG_WARN_STRICT_PROTOTYPES = YES;
				CLANG_WARN_SUSPICIOUS_MOVE = YES;
				CLANG_WARN_UNGUARDED_AVAILABILITY = YES_AGGRESSIVE;
				CLANG_WARN_UNREACHABLE_CODE = YES;
				CLANG_WARN__DUPLICATE_METHOD_MATCH = YES;
				COPY_PHASE_STRIP = NO;
				DEBUG_INFORMATION_FORMAT = dwarf;
				ENABLE_STRICT_OBJC_MSGSEND = YES;
				ENABLE_TESTABILITY = YES;
				GCC_C_LANGUAGE_STANDARD = gnu11;
				GCC_DYNAMIC_NO_PIC = NO;
				GCC_NO_COMMON_BLOCKS = YES;
				GCC_OPTIMIZATION_LEVEL = 0;
				GCC_PREPROCESSOR_DEFINITIONS = (
					"DEBUG=1",
					"$(inherited)",
				);
				GCC_WARN_64_TO_32_BIT_CONVERSION = YES;
				GCC_WARN_ABOUT_RETURN_TYPE = YES_ERROR;
				GCC_WARN_UNDECLARED_SELECTOR = YES;
				GCC_WARN_UNINITIALIZED_AUTOS = YES_AGGRESSIVE;
				GCC_WARN_UNUSED_FUNCTION = YES;
				GCC_WARN_UNUSED_VARIABLE = YES;
				IPHONEOS_DEPLOYMENT_TARGET = 15.4;
				MTL_ENABLE_DEBUG_INFO = INCLUDE_SOURCE;
				MTL_FAST_MATH = YES;
				ONLY_ACTIVE_ARCH = YES;
				SDKROOT = iphoneos;
				SWIFT_ACTIVE_COMPILATION_CONDITIONS = DEBUG;
				SWIFT_OPTIMIZATION_LEVEL = "-Onone";
			};
			name = Debug;
		};
		22D13D8727F9D273001E36CF /* Release */ = {
			isa = XCBuildConfiguration;
			buildSettings = {
				ALWAYS_SEARCH_USER_PATHS = NO;
				CLANG_ANALYZER_NONNULL = YES;
				CLANG_ANALYZER_NUMBER_OBJECT_CONVERSION = YES_AGGRESSIVE;
				CLANG_CXX_LANGUAGE_STANDARD = "gnu++17";
				CLANG_ENABLE_MODULES = YES;
				CLANG_ENABLE_OBJC_ARC = YES;
				CLANG_ENABLE_OBJC_WEAK = YES;
				CLANG_WARN_BLOCK_CAPTURE_AUTORELEASING = YES;
				CLANG_WARN_BOOL_CONVERSION = YES;
				CLANG_WARN_COMMA = YES;
				CLANG_WARN_CONSTANT_CONVERSION = YES;
				CLANG_WARN_DEPRECATED_OBJC_IMPLEMENTATIONS = YES;
				CLANG_WARN_DIRECT_OBJC_ISA_USAGE = YES_ERROR;
				CLANG_WARN_DOCUMENTATION_COMMENTS = YES;
				CLANG_WARN_EMPTY_BODY = YES;
				CLANG_WARN_ENUM_CONVERSION = YES;
				CLANG_WARN_INFINITE_RECURSION = YES;
				CLANG_WARN_INT_CONVERSION = YES;
				CLANG_WARN_NON_LITERAL_NULL_CONVERSION = YES;
				CLANG_WARN_OBJC_IMPLICIT_RETAIN_SELF = YES;
				CLANG_WARN_OBJC_LITERAL_CONVERSION = YES;
				CLANG_WARN_OBJC_ROOT_CLASS = YES_ERROR;
				CLANG_WARN_QUOTED_INCLUDE_IN_FRAMEWORK_HEADER = YES;
				CLANG_WARN_RANGE_LOOP_ANALYSIS = YES;
				CLANG_WARN_STRICT_PROTOTYPES = YES;
				CLANG_WARN_SUSPICIOUS_MOVE = YES;
				CLANG_WARN_UNGUARDED_AVAILABILITY = YES_AGGRESSIVE;
				CLANG_WARN_UNREACHABLE_CODE = YES;
				CLANG_WARN__DUPLICATE_METHOD_MATCH = YES;
				COPY_PHASE_STRIP = NO;
				DEBUG_INFORMATION_FORMAT = "dwarf-with-dsym";
				ENABLE_NS_ASSERTIONS = NO;
				ENABLE_STRICT_OBJC_MSGSEND = YES;
				GCC_C_LANGUAGE_STANDARD = gnu11;
				GCC_NO_COMMON_BLOCKS = YES;
				GCC_WARN_64_TO_32_BIT_CONVERSION = YES;
				GCC_WARN_ABOUT_RETURN_TYPE = YES_ERROR;
				GCC_WARN_UNDECLARED_SELECTOR = YES;
				GCC_WARN_UNINITIALIZED_AUTOS = YES_AGGRESSIVE;
				GCC_WARN_UNUSED_FUNCTION = YES;
				GCC_WARN_UNUSED_VARIABLE = YES;
				IPHONEOS_DEPLOYMENT_TARGET = 15.4;
				MTL_ENABLE_DEBUG_INFO = NO;
				MTL_FAST_MATH = YES;
				SDKROOT = iphoneos;
				SWIFT_COMPILATION_MODE = wholemodule;
				SWIFT_OPTIMIZATION_LEVEL = "-O";
				VALIDATE_PRODUCT = YES;
			};
			name = Release;
		};
		22D13D8927F9D273001E36CF /* Debug */ = {
			isa = XCBuildConfiguration;
			buildSettings = {
				ASSETCATALOG_COMPILER_APPICON_NAME = AppIcon;
				ASSETCATALOG_COMPILER_GLOBAL_ACCENT_COLOR_NAME = AccentColor;
				CODE_SIGN_STYLE = Automatic;
				CURRENT_PROJECT_VERSION = 1;
				DEVELOPMENT_TEAM = G376QDA776;
				GENERATE_INFOPLIST_FILE = YES;
				INFOPLIST_FILE = HW2.4.2/Support/Info.plist;
				INFOPLIST_KEY_CFBundleDisplayName = HW2.4.2;
				INFOPLIST_KEY_UIApplicationSupportsIndirectInputEvents = YES;
				INFOPLIST_KEY_UILaunchStoryboardName = LaunchScreen;
				INFOPLIST_KEY_UIMainStoryboardFile = Main;
				INFOPLIST_KEY_UISupportedInterfaceOrientations = UIInterfaceOrientationPortrait;
				INFOPLIST_KEY_UISupportedInterfaceOrientations_iPad = "UIInterfaceOrientationPortrait UIInterfaceOrientationPortraitUpsideDown UIInterfaceOrientationLandscapeLeft UIInterfaceOrientationLandscapeRight";
				INFOPLIST_KEY_UISupportedInterfaceOrientations_iPhone = "UIInterfaceOrientationPortrait UIInterfaceOrientationLandscapeLeft UIInterfaceOrientationLandscapeRight";
				LD_RUNPATH_SEARCH_PATHS = (
					"$(inherited)",
					"@executable_path/Frameworks",
				);
				MARKETING_VERSION = 1.0;
				PRODUCT_BUNDLE_IDENTIFIER = "com.shabernevalexandr.HW2-3-1";
				PRODUCT_NAME = "$(TARGET_NAME)";
				SWIFT_EMIT_LOC_STRINGS = YES;
				SWIFT_VERSION = 5.0;
				TARGETED_DEVICE_FAMILY = 1;
			};
			name = Debug;
		};
		22D13D8A27F9D273001E36CF /* Release */ = {
			isa = XCBuildConfiguration;
			buildSettings = {
				ASSETCATALOG_COMPILER_APPICON_NAME = AppIcon;
				ASSETCATALOG_COMPILER_GLOBAL_ACCENT_COLOR_NAME = AccentColor;
				CODE_SIGN_STYLE = Automatic;
				CURRENT_PROJECT_VERSION = 1;
				DEVELOPMENT_TEAM = G376QDA776;
				GENERATE_INFOPLIST_FILE = YES;
				INFOPLIST_FILE = HW2.4.2/Support/Info.plist;
				INFOPLIST_KEY_CFBundleDisplayName = HW2.4.2;
				INFOPLIST_KEY_UIApplicationSupportsIndirectInputEvents = YES;
				INFOPLIST_KEY_UILaunchStoryboardName = LaunchScreen;
				INFOPLIST_KEY_UIMainStoryboardFile = Main;
				INFOPLIST_KEY_UISupportedInterfaceOrientations = UIInterfaceOrientationPortrait;
				INFOPLIST_KEY_UISupportedInterfaceOrientations_iPad = "UIInterfaceOrientationPortrait UIInterfaceOrientationPortraitUpsideDown UIInterfaceOrientationLandscapeLeft UIInterfaceOrientationLandscapeRight";
				INFOPLIST_KEY_UISupportedInterfaceOrientations_iPhone = "UIInterfaceOrientationPortrait UIInterfaceOrientationLandscapeLeft UIInterfaceOrientationLandscapeRight";
				LD_RUNPATH_SEARCH_PATHS = (
					"$(inherited)",
					"@executable_path/Frameworks",
				);
				MARKETING_VERSION = 1.0;
				PRODUCT_BUNDLE_IDENTIFIER = "com.shabernevalexandr.HW2-3-1";
				PRODUCT_NAME = "$(TARGET_NAME)";
				SWIFT_EMIT_LOC_STRINGS = YES;
				SWIFT_VERSION = 5.0;
				TARGETED_DEVICE_FAMILY = 1;
			};
			name = Release;
		};
/* End XCBuildConfiguration section */

/* Begin XCConfigurationList section */
		22D13D6F27F9D271001E36CF /* Build configuration list for PBXProject "HW2.4.2" */ = {
			isa = XCConfigurationList;
			buildConfigurations = (
				22D13D8627F9D273001E36CF /* Debug */,
				22D13D8727F9D273001E36CF /* Release */,
			);
			defaultConfigurationIsVisible = 0;
			defaultConfigurationName = Release;
		};
		22D13D8827F9D273001E36CF /* Build configuration list for PBXNativeTarget "HW2.4.2" */ = {
			isa = XCConfigurationList;
			buildConfigurations = (
				22D13D8927F9D273001E36CF /* Debug */,
				22D13D8A27F9D273001E36CF /* Release */,
			);
			defaultConfigurationIsVisible = 0;
			defaultConfigurationName = Release;
		};
/* End XCConfigurationList section */
	};
	rootObject = 22D13D6C27F9D271001E36CF /* Project object */;
}
